{
  "version": 4,
  "terraform_version": "0.12.9",
  "serial": 18,
  "lineage": "5c54e558-8642-1e78-b5d7-865f4d5ddb9f",
  "outputs": {},
  "resources": [
    {
      "mode": "managed",
      "type": "aws_iam_instance_profile",
      "name": "aws_ec2_profile",
      "provider": "provider.aws",
      "instances": [
        {
          "schema_version": 0,
          "attributes": {
            "arn": "arn:aws:iam::039168849899:instance-profile/aws_ec2_profile",
            "create_date": "2019-12-24T15:22:09Z",
            "id": "aws_ec2_profile",
            "name": "aws_ec2_profile",
            "name_prefix": null,
            "path": "/",
            "role": "ec2-cf-role",
            "roles": [
              "ec2-cf-role"
            ],
            "unique_id": "AIPAQSHVFG7VY5W7R3UQT"
          },
          "private": "bnVsbA==",
          "depends_on": [
            "aws_iam_role.ec2-cf-role"
          ]
        }
      ]
    },
    {
      "mode": "managed",
      "type": "aws_iam_policy",
      "name": "ec2-cf-policy",
      "provider": "provider.aws",
      "instances": [
        {
          "schema_version": 0,
          "attributes": {
            "arn": "arn:aws:iam::039168849899:policy/terraform-20191217211621567200000001",
            "description": "A test policy",
            "id": "arn:aws:iam::039168849899:policy/terraform-20191217211621567200000001",
            "name": "terraform-20191217211621567200000001",
            "name_prefix": null,
            "path": "/",
            "policy": "{\n  \"Version\": \"2012-10-17\",\n  \"Statement\": [\n      {\n          \"Effect\": \"Allow\",\n          \"Action\": \"ec2:Describe*\",\n          \"Resource\": \"*\"\n      },\n      {\n          \"Effect\": \"Allow\",\n          \"Action\": \"elasticloadbalancing:Describe*\",\n          \"Resource\": \"*\"\n      },\n      {\n          \"Effect\": \"Allow\",\n          \"Action\": [\n              \"cloudwatch:ListMetrics\",\n              \"cloudwatch:GetMetricStatistics\",\n              \"cloudwatch:Describe*\"\n          ],\n          \"Resource\": \"*\"\n      },\n      {\n          \"Effect\": \"Allow\",\n          \"Action\": \"autoscaling:Describe*\",\n          \"Resource\": \"*\"\n      },\n      {\n        \"Effect\": \"Allow\",\n        \"Action\": [\n            \"cloudformation:*\"\n        ],\n        \"Resource\": \"*\"\n    }\n  ]\n}\n\n"
          },
          "private": "bnVsbA=="
        }
      ]
    },
    {
      "mode": "managed",
      "type": "aws_iam_policy_attachment",
      "name": "test-attach",
      "provider": "provider.aws",
      "instances": [
        {
          "schema_version": 0,
          "attributes": {
            "groups": [],
            "id": "test-attachment",
            "name": "test-attachment",
            "policy_arn": "arn:aws:iam::039168849899:policy/terraform-20191217211621567200000001",
            "roles": [
              "ec2-cf-role"
            ],
            "users": []
          },
          "private": "bnVsbA==",
          "depends_on": [
            "aws_iam_policy.ec2-cf-policy",
            "aws_iam_role.ec2-cf-role"
          ]
        }
      ]
    },
    {
      "mode": "managed",
      "type": "aws_iam_role",
      "name": "ec2-cf-role",
      "provider": "provider.aws",
      "instances": [
        {
          "schema_version": 0,
          "attributes": {
            "arn": "arn:aws:iam::039168849899:role/ec2-cf-role",
            "assume_role_policy": "{\"Version\":\"2012-10-17\",\"Statement\":[{\"Sid\":\"\",\"Effect\":\"Allow\",\"Principal\":{\"Service\":\"ec2.amazonaws.com\"},\"Action\":\"sts:AssumeRole\"}]}",
            "create_date": "2019-12-17T21:16:22Z",
            "description": "",
            "force_detach_policies": false,
            "id": "ec2-cf-role",
            "max_session_duration": 3600,
            "name": "ec2-cf-role",
            "name_prefix": null,
            "path": "/",
            "permissions_boundary": null,
            "tags": {},
            "unique_id": "AROAQSHVFG7VUTVF5GTGM"
          },
          "private": "bnVsbA=="
        }
      ]
    },
    {
      "mode": "managed",
      "type": "aws_s3_bucket",
      "name": "example",
      "provider": "provider.aws",
      "instances": [
        {
          "schema_version": 0,
          "attributes": {
            "acceleration_status": "",
            "acl": "private",
            "arn": "arn:aws:s3:::irv-s3-terraform-bucket",
            "bucket": "irv-s3-terraform-bucket",
            "bucket_domain_name": "irv-s3-terraform-bucket.s3.amazonaws.com",
            "bucket_prefix": null,
            "bucket_regional_domain_name": "irv-s3-terraform-bucket.s3.amazonaws.com",
            "cors_rule": [],
            "force_destroy": false,
            "hosted_zone_id": "Z3AQBSTGFYJSTF",
            "id": "irv-s3-terraform-bucket",
            "lifecycle_rule": [],
            "logging": [],
            "object_lock_configuration": [],
            "policy": null,
            "region": "us-east-1",
            "replication_configuration": [],
            "request_payer": "BucketOwner",
            "server_side_encryption_configuration": [],
            "tags": {},
            "versioning": [
              {
                "enabled": true,
                "mfa_delete": false
              }
            ],
            "website": [],
            "website_domain": null,
            "website_endpoint": null
          },
          "private": "bnVsbA=="
        }
      ]
    }
  ]
}
