{
  "version": 4,
  "terraform_version": "0.13.4",
  "serial": 7,
  "lineage": "0aa021b6-7efb-9bfd-0613-14d962bcd0a1",
  "outputs": {},
  "resources": [
    {
      "mode": "managed",
      "type": "aws_iam_instance_profile",
      "name": "aws_ec2_profile",
      "provider": "provider[\"registry.terraform.io/hashicorp/aws\"]",
      "instances": [
        {
          "schema_version": 0,
          "attributes": {
            "arn": "arn:aws:iam::039168849899:instance-profile/aws_ec2_profile",
            "create_date": "2020-11-10T16:32:33Z",
            "id": "aws_ec2_profile",
            "name": "aws_ec2_profile",
            "name_prefix": null,
            "path": "/",
            "role": "ec2-cf-role",
            "unique_id": "AIPAQSHVFG7V4CARSZXNE"
          },
          "private": "bnVsbA==",
          "dependencies": [
            "aws_iam_role.ec2-cf-role"
          ]
        }
      ]
    },
    {
      "mode": "managed",
      "type": "aws_iam_policy",
      "name": "ec2-cf-policy",
      "provider": "provider[\"registry.terraform.io/hashicorp/aws\"]",
      "instances": [
        {
          "schema_version": 0,
          "attributes": {
            "arn": "arn:aws:iam::039168849899:policy/terraform-20201110163232810100000001",
            "description": "A test policy",
            "id": "arn:aws:iam::039168849899:policy/terraform-20201110163232810100000001",
            "name": "terraform-20201110163232810100000001",
            "name_prefix": null,
            "path": "/",
            "policy": "{\n  \"Version\": \"2012-10-17\",\n  \"Statement\": [\n      {\n          \"Effect\": \"Allow\",\n          \"Action\": \"ec2:Describe*\",\n          \"Resource\": \"*\"\n      },\n      {\n          \"Effect\": \"Allow\",\n          \"Action\": \"elasticloadbalancing:Describe*\",\n          \"Resource\": \"*\"\n      },\n      {\n          \"Effect\": \"Allow\",\n          \"Action\": [\n              \"cloudwatch:ListMetrics\",\n              \"cloudwatch:GetMetricStatistics\",\n              \"cloudwatch:Describe*\"\n          ],\n          \"Resource\": \"*\"\n      },\n      {\n          \"Effect\": \"Allow\",\n          \"Action\": \"autoscaling:Describe*\",\n          \"Resource\": \"*\"\n      },\n      {\n        \"Effect\": \"Allow\",\n        \"Action\": [\n            \"cloudformation:*\"\n        ],\n        \"Resource\": \"*\"\n    }\n  ]\n}\n\n"
          },
          "private": "bnVsbA=="
        }
      ]
    },
    {
      "mode": "managed",
      "type": "aws_iam_policy_attachment",
      "name": "test-attach",
      "provider": "provider[\"registry.terraform.io/hashicorp/aws\"]",
      "instances": [
        {
          "schema_version": 0,
          "attributes": {
            "groups": null,
            "id": "test-attachment",
            "name": "test-attachment",
            "policy_arn": "arn:aws:iam::039168849899:policy/terraform-20201110163232810100000001",
            "roles": [
              "ec2-cf-role"
            ],
            "users": null
          },
          "private": "bnVsbA==",
          "dependencies": [
            "aws_iam_policy.ec2-cf-policy",
            "aws_iam_role.ec2-cf-role"
          ]
        }
      ]
    },
    {
      "mode": "managed",
      "type": "aws_iam_role",
      "name": "ec2-cf-role",
      "provider": "provider[\"registry.terraform.io/hashicorp/aws\"]",
      "instances": [
        {
          "schema_version": 0,
          "attributes": {
            "arn": "arn:aws:iam::039168849899:role/ec2-cf-role",
            "assume_role_policy": "{\"Version\":\"2012-10-17\",\"Statement\":[{\"Sid\":\"\",\"Effect\":\"Allow\",\"Principal\":{\"Service\":\"ec2.amazonaws.com\"},\"Action\":\"sts:AssumeRole\"}]}",
            "create_date": "2020-11-10T16:32:33Z",
            "description": "",
            "force_detach_policies": false,
            "id": "ec2-cf-role",
            "max_session_duration": 3600,
            "name": "ec2-cf-role",
            "name_prefix": null,
            "path": "/",
            "permissions_boundary": null,
            "tags": null,
            "unique_id": "AROAQSHVFG7V5PEST3IIQ"
          },
          "private": "bnVsbA=="
        }
      ]
    },
    {
      "mode": "managed",
      "type": "aws_instance",
      "name": "aws_ec2_testinstance",
      "provider": "provider[\"registry.terraform.io/hashicorp/aws\"]",
      "instances": [
        {
          "schema_version": 1,
          "attributes": {
            "ami": "ami-04b9e92b5572fa0d1",
            "arn": "arn:aws:ec2:us-east-1::instance/i-00050e26d4ad387d9",
            "associate_public_ip_address": true,
            "availability_zone": "us-east-1c",
            "cpu_core_count": 1,
            "cpu_threads_per_core": 1,
            "credit_specification": [
              {
                "cpu_credits": "standard"
              }
            ],
            "disable_api_termination": false,
            "ebs_block_device": [],
            "ebs_optimized": false,
            "ephemeral_block_device": [],
            "get_password_data": false,
            "hibernation": false,
            "host_id": null,
            "iam_instance_profile": "aws_ec2_profile",
            "id": "i-00050e26d4ad387d9",
            "instance_initiated_shutdown_behavior": null,
            "instance_state": "running",
            "instance_type": "t2.micro",
            "ipv6_address_count": 0,
            "ipv6_addresses": [],
            "key_name": "ansiblekey",
            "metadata_options": [
              {
                "http_endpoint": "enabled",
                "http_put_response_hop_limit": 1,
                "http_tokens": "optional"
              }
            ],
            "monitoring": false,
            "network_interface": [],
            "outpost_arn": "",
            "password_data": "",
            "placement_group": "",
            "primary_network_interface_id": "eni-06688e2027ffe60d1",
            "private_dns": "ip-172-31-81-136.ec2.internal",
            "private_ip": "172.31.81.136",
            "public_dns": "ec2-34-201-72-27.compute-1.amazonaws.com",
            "public_ip": "34.201.72.27",
            "root_block_device": [
              {
                "delete_on_termination": true,
                "device_name": "/dev/sda1",
                "encrypted": false,
                "iops": 100,
                "kms_key_id": "",
                "volume_id": "vol-04d2907b539bb1e81",
                "volume_size": 8,
                "volume_type": "gp2"
              }
            ],
            "secondary_private_ips": [],
            "security_groups": [
              "default"
            ],
            "source_dest_check": true,
            "subnet_id": "subnet-04ad1a2893ebb5de9",
            "tags": {
              "Name": "aws_ec2_testinstance"
            },
            "tenancy": "default",
            "timeouts": null,
            "user_data": null,
            "user_data_base64": null,
            "volume_tags": {},
            "vpc_security_group_ids": [
              "sg-026a91da1917e29c8"
            ]
          },
          "private": "eyJlMmJmYjczMC1lY2FhLTExZTYtOGY4OC0zNDM2M2JjN2M0YzAiOnsiY3JlYXRlIjo2MDAwMDAwMDAwMDAsImRlbGV0ZSI6MTIwMDAwMDAwMDAwMCwidXBkYXRlIjo2MDAwMDAwMDAwMDB9LCJzY2hlbWFfdmVyc2lvbiI6IjEifQ==",
          "dependencies": [
            "aws_iam_instance_profile.aws_ec2_profile",
            "aws_iam_role.ec2-cf-role"
          ]
        }
      ]
    },
    {
      "mode": "managed",
      "type": "aws_s3_bucket",
      "name": "aws_storage",
      "provider": "provider[\"registry.terraform.io/hashicorp/aws\"]",
      "instances": [
        {
          "schema_version": 0,
          "attributes": {
            "acceleration_status": "",
            "acl": "private",
            "arn": "arn:aws:s3:::irv-s3-terraform-bucket",
            "bucket": "irv-s3-terraform-bucket",
            "bucket_domain_name": "irv-s3-terraform-bucket.s3.amazonaws.com",
            "bucket_prefix": null,
            "bucket_regional_domain_name": "irv-s3-terraform-bucket.s3.amazonaws.com",
            "cors_rule": [],
            "force_destroy": false,
            "grant": [],
            "hosted_zone_id": "Z3AQBSTGFYJSTF",
            "id": "irv-s3-terraform-bucket",
            "lifecycle_rule": [],
            "logging": [],
            "object_lock_configuration": [],
            "policy": null,
            "region": "us-east-1",
            "replication_configuration": [],
            "request_payer": "BucketOwner",
            "server_side_encryption_configuration": [],
            "tags": null,
            "versioning": [
              {
                "enabled": true,
                "mfa_delete": false
              }
            ],
            "website": [],
            "website_domain": null,
            "website_endpoint": null
          },
          "private": "bnVsbA=="
        }
      ]
    }
  ]
}
